PODS:
  - FlutterMacOS (1.0.0)
  - video_probe (0.0.1):
    - Flutter
    - FlutterMacOS

DEPENDENCIES:
  - FlutterMacOS (from `Flutter/ephemeral`)
  - video_probe (from `Flutter/ephemeral/.symlinks/plugins/video_probe/darwin`)

EXTERNAL SOURCES:
  FlutterMacOS:
    :path: Flutter/ephemeral
  video_probe:
    :path: Flutter/ephemeral/.symlinks/plugins/video_probe/darwin

SPEC CHECKSUMS:
  FlutterMacOS: d0db08ddef1a9af05a5ec4b724367152bb0500b1
  video_probe: 951f1acfdb44aa61a9b4ef6a33e32fc8ab7cc817

PODFILE CHECKSUM: 54d867c82ac51cbd61b565781b9fada492027009

COCOAPODS: 1.16.2
